
Microsoft Visual Studio Solution File, Format Version 12.00
# Visual Studio Version 17
VisualStudioVersion = 17.10.35013.160
MinimumVisualStudioVersion = 10.0.40219.1
Project("{FAE04EC0-301F-11D3-BF4B-00C04F79EFBC}") = "API_Monitor", "API_Monitor\API_Monitor.csproj", "{20FD1102-1231-4B4A-A9AB-70B00D05FC1B}"
EndProject
Global
	GlobalSection(SolutionConfigurationPlatforms) = preSolution
		Debug|Any CPU = Debug|Any CPU
		Release|Any CPU = Release|Any CPU
	EndGlobalSection
	GlobalSection(ProjectConfigurationPlatforms) = postSolution
		{20FD1102-1231-4B4A-A9AB-70B00D05FC1B}.Debug|Any CPU.ActiveCfg = Debug|Any CPU
		{20FD1102-1231-4B4A-A9AB-70B00D05FC1B}.Debug|Any CPU.Build.0 = Debug|Any CPU
		{20FD1102-1231-4B4A-A9AB-70B00D05FC1B}.Release|Any CPU.ActiveCfg = Release|Any CPU
		{20FD1102-1231-4B4A-A9AB-70B00D05FC1B}.Release|Any CPU.Build.0 = Release|Any CPU
	EndGlobalSection
	GlobalSection(SolutionProperties) = preSolution
		HideSolutionNode = FALSE
	EndGlobalSection
	GlobalSection(ExtensibilityGlobals) = postSolution
		SolutionGuid = {09F98BE4-7067-47F1-A89F-CC52DD36DF45}
	EndGlobalSection
EndGlobal
